Microsoft Visual Studio Solution File, Format Version 11.00
# Visual Studio 2008

Project("{749C1203-5F1D-24D3-B003-0C8C706BF67F}") = "csci191game", "Assembly-CSharp.csproj", "{439BE3A1-FEB4-DEC1-0EEC-727C3B5EE699}"
EndProject
Global
	GlobalSection(SolutionConfigurationPlatforms) = preSolution
		Debug|Any CPU = Debug|Any CPU
		Release|Any CPU = Release|Any CPU
	EndGlobalSection
	GlobalSection(ProjectConfigurationPlatforms) = postSolution
		{439BE3A1-FEB4-DEC1-0EEC-727C3B5EE699}.Debug|Any CPU.ActiveCfg = Debug|Any CPU
		{439BE3A1-FEB4-DEC1-0EEC-727C3B5EE699}.Debug|Any CPU.Build.0 = Debug|Any CPU
		{439BE3A1-FEB4-DEC1-0EEC-727C3B5EE699}.Release|Any CPU.ActiveCfg = Release|Any CPU
		{439BE3A1-FEB4-DEC1-0EEC-727C3B5EE699}.Release|Any CPU.Build.0 = Release|Any CPU
	EndGlobalSection
	GlobalSection(SolutionProperties) = preSolution
		HideSolutionNode = FALSE
	EndGlobalSection
	GlobalSection(MonoDevelopProperties) = preSolution
		StartupItem = Assembly-CSharp.csproj
	EndGlobalSection
EndGlobal
